
Microsoft Visual Studio Solution File, Format Version 12.00
# Visual Studio Version 17
VisualStudioVersion = 17.9.34902.65
MinimumVisualStudioVersion = 10.0.40219.1
Project("{9A19103F-16F7-4668-BE54-9A1E7A4F7556}") = "Directory_Synchronizer", "Directory_Synchronizer\Directory_Synchronizer.csproj", "{9BBB9076-3C87-4377-BD70-BE476F964726}"
EndProject
Project("{FAE04EC0-301F-11D3-BF4B-00C04F79EFBC}") = "Directory_Synchronizer_Test", "Directory_Synchronizer_Test\Directory_Synchronizer_Test.csproj", "{D9E30852-682E-4AE7-BFBE-9068C88E6E9B}"
	ProjectSection(ProjectDependencies) = postProject
		{9BBB9076-3C87-4377-BD70-BE476F964726} = {9BBB9076-3C87-4377-BD70-BE476F964726}
	EndProjectSection
EndProject
Global
	GlobalSection(SolutionConfigurationPlatforms) = preSolution
		Debug|Any CPU = Debug|Any CPU
		Release|Any CPU = Release|Any CPU
	EndGlobalSection
	GlobalSection(ProjectConfigurationPlatforms) = postSolution
		{9BBB9076-3C87-4377-BD70-BE476F964726}.Debug|Any CPU.ActiveCfg = Debug|Any CPU
		{9BBB9076-3C87-4377-BD70-BE476F964726}.Debug|Any CPU.Build.0 = Debug|Any CPU
		{9BBB9076-3C87-4377-BD70-BE476F964726}.Release|Any CPU.ActiveCfg = Release|Any CPU
		{9BBB9076-3C87-4377-BD70-BE476F964726}.Release|Any CPU.Build.0 = Release|Any CPU
		{D9E30852-682E-4AE7-BFBE-9068C88E6E9B}.Debug|Any CPU.ActiveCfg = Debug|Any CPU
		{D9E30852-682E-4AE7-BFBE-9068C88E6E9B}.Debug|Any CPU.Build.0 = Debug|Any CPU
		{D9E30852-682E-4AE7-BFBE-9068C88E6E9B}.Release|Any CPU.ActiveCfg = Release|Any CPU
		{D9E30852-682E-4AE7-BFBE-9068C88E6E9B}.Release|Any CPU.Build.0 = Release|Any CPU
	EndGlobalSection
	GlobalSection(SolutionProperties) = preSolution
		HideSolutionNode = FALSE
	EndGlobalSection
	GlobalSection(ExtensibilityGlobals) = postSolution
		SolutionGuid = {56DA0CCB-5A12-4684-AC70-156A956EE6B8}
	EndGlobalSection
EndGlobal
